
Microsoft Visual Studio Solution File, Format Version 12.00
# Visual Studio 2013
VisualStudioVersion = 12.0.31101.0
MinimumVisualStudioVersion = 10.0.40219.1
Project("{2150E333-8FDC-42A3-9474-1A3956D46DE8}") = "CSharp", "CSharp", "{C724A386-0D30-42F3-9FA5-DF94C067F661}"
EndProject
Project("{FAE04EC0-301F-11D3-BF4B-00C04F79EFBC}") = "Exemplo", "ContadorDeBuracos\Exemplo.csproj", "{AE5E3865-A5C2-41F3-BDD5-E76033391027}"
EndProject
Project("{FAE04EC0-301F-11D3-BF4B-00C04F79EFBC}") = "Exemplo.Testes", "Exemplo.Testes\Exemplo.Testes.csproj", "{E7992EF5-88A8-4C9D-8156-BFABCB4D2C87}"
EndProject
Global
	GlobalSection(SolutionConfigurationPlatforms) = preSolution
		Debug|Any CPU = Debug|Any CPU
		Release|Any CPU = Release|Any CPU
	EndGlobalSection
	GlobalSection(ProjectConfigurationPlatforms) = postSolution
		{AE5E3865-A5C2-41F3-BDD5-E76033391027}.Debug|Any CPU.ActiveCfg = Debug|Any CPU
		{AE5E3865-A5C2-41F3-BDD5-E76033391027}.Debug|Any CPU.Build.0 = Debug|Any CPU
		{AE5E3865-A5C2-41F3-BDD5-E76033391027}.Release|Any CPU.ActiveCfg = Release|Any CPU
		{AE5E3865-A5C2-41F3-BDD5-E76033391027}.Release|Any CPU.Build.0 = Release|Any CPU
		{E7992EF5-88A8-4C9D-8156-BFABCB4D2C87}.Debug|Any CPU.ActiveCfg = Debug|Any CPU
		{E7992EF5-88A8-4C9D-8156-BFABCB4D2C87}.Debug|Any CPU.Build.0 = Debug|Any CPU
		{E7992EF5-88A8-4C9D-8156-BFABCB4D2C87}.Release|Any CPU.ActiveCfg = Release|Any CPU
		{E7992EF5-88A8-4C9D-8156-BFABCB4D2C87}.Release|Any CPU.Build.0 = Release|Any CPU
	EndGlobalSection
	GlobalSection(SolutionProperties) = preSolution
		HideSolutionNode = FALSE
	EndGlobalSection
	GlobalSection(NestedProjects) = preSolution
		{AE5E3865-A5C2-41F3-BDD5-E76033391027} = {C724A386-0D30-42F3-9FA5-DF94C067F661}
		{E7992EF5-88A8-4C9D-8156-BFABCB4D2C87} = {C724A386-0D30-42F3-9FA5-DF94C067F661}
	EndGlobalSection
EndGlobal
